
Microsoft Visual Studio Solution File, Format Version 11.00
# Visual Studio 2010
Project("{FAE04EC0-301F-11D3-BF4B-00C04F79EFBC}") = "Assembly-CSharp", "Assembly-CSharp.csproj", "{10DD4A8B-6C39-3138-F7BA-6DCB85D1CBED}"
EndProject
Global
	GlobalSection(SolutionConfigurationPlatforms) = preSolution
		Debug|Any CPU = Debug|Any CPU
		Release|Any CPU = Release|Any CPU
	EndGlobalSection
	GlobalSection(ProjectConfigurationPlatforms) = postSolution
		{10DD4A8B-6C39-3138-F7BA-6DCB85D1CBED}.Debug|Any CPU.ActiveCfg = Debug|Any CPU
		{10DD4A8B-6C39-3138-F7BA-6DCB85D1CBED}.Debug|Any CPU.Build.0 = Debug|Any CPU
		{10DD4A8B-6C39-3138-F7BA-6DCB85D1CBED}.Release|Any CPU.ActiveCfg = Release|Any CPU
		{10DD4A8B-6C39-3138-F7BA-6DCB85D1CBED}.Release|Any CPU.Build.0 = Release|Any CPU
	EndGlobalSection
	GlobalSection(SolutionProperties) = preSolution
		HideSolutionNode = FALSE
	EndGlobalSection
EndGlobal
